// !$*UTF8*$!
{
	archiveVersion = 1;
	classes = {
	};
	objectVersion = 46;
	objects = {

/* Begin PBXBuildFile section */
		7BA991746F8A07822D31FBA4 /* Pods_SSTextView.framework in Frameworks */ = {isa = PBXBuildFile; fileRef = 25BE507FEAE69C33369144B8 /* Pods_SSTextView.framework */; };
		9637CB921F626D6A00F040E9 /* main.m in Sources */ = {isa = PBXBuildFile; fileRef = 9637CB911F626D6A00F040E9 /* main.m */; };
		9637CB951F626D6A00F040E9 /* AppDelegate.m in Sources */ = {isa = PBXBuildFile; fileRef = 9637CB941F626D6A00F040E9 /* AppDelegate.m */; };
		9637CB981F626D6A00F040E9 /* ViewController.m in Sources */ = {isa = PBXBuildFile; fileRef = 9637CB971F626D6A00F040E9 /* ViewController.m */; };
		9637CB9B1F626D6A00F040E9 /* Main.storyboard in Resources */ = {isa = PBXBuildFile; fileRef = 9637CB991F626D6A00F040E9 /* Main.storyboard */; };
		9637CB9D1F626D6A00F040E9 /* Assets.xcassets in Resources */ = {isa = PBXBuildFile; fileRef = 9637CB9C1F626D6A00F040E9 /* Assets.xcassets */; };
		9637CBA01F626D6A00F040E9 /* LaunchScreen.storyboard in Resources */ = {isa = PBXBuildFile; fileRef = 9637CB9E1F626D6A00F040E9 /* LaunchScreen.storyboard */; };
		9637CBAB1F626D6A00F040E9 /* SSTextViewTests.m in Sources */ = {isa = PBXBuildFile; fileRef = 9637CBAA1F626D6A00F040E9 /* SSTextViewTests.m */; };
		9637CBB61F626D6A00F040E9 /* SSTextViewUITests.m in Sources */ = {isa = PBXBuildFile; fileRef = 9637CBB51F626D6A00F040E9 /* SSTextViewUITests.m */; };
		9637CBC51F62799E00F040E9 /* SSTextView.m in Sources */ = {isa = PBXBuildFile; fileRef = 9637CBC41F62799E00F040E9 /* SSTextView.m */; };
/* End PBXBuildFile section */

/* Begin PBXContainerItemProxy section */
		9637CBA71F626D6A00F040E9 /* PBXContainerItemProxy */ = {
			isa = PBXContainerItemProxy;
			containerPortal = 9637CB851F626D6A00F040E9 /* Project object */;
			proxyType = 1;
			remoteGlobalIDString = 9637CB8C1F626D6A00F040E9;
			remoteInfo = SSTextView;
		};
		9637CBB21F626D6A00F040E9 /* PBXContainerItemProxy */ = {
			isa = PBXContainerItemProxy;
			containerPortal = 9637CB851F626D6A00F040E9 /* Project object */;
			proxyType = 1;
			remoteGlobalIDString = 9637CB8C1F626D6A00F040E9;
			remoteInfo = SSTextView;
		};
/* End PBXContainerItemProxy section */

/* Begin PBXFileReference section */
		25BE507FEAE69C33369144B8 /* Pods_SSTextView.framework */ = {isa = PBXFileReference; explicitFileType = wrapper.framework; includeInIndex = 0; path = Pods_SSTextView.framework; sourceTree = BUILT_PRODUCTS_DIR; };
		35EB5314680584CD88130B44 /* Pods-SSTextView.release.xcconfig */ = {isa = PBXFileReference; includeInIndex = 1; lastKnownFileType = text.xcconfig; name = "Pods-SSTextView.release.xcconfig"; path = "Pods/Target Support Files/Pods-SSTextView/Pods-SSTextView.release.xcconfig"; sourceTree = "<group>"; };
		9637CB8D1F626D6A00F040E9 /* SSTextView.app */ = {isa = PBXFileReference; explicitFileType = wrapper.application; includeInIndex = 0; path = SSTextView.app; sourceTree = BUILT_PRODUCTS_DIR; };
		9637CB911F626D6A00F040E9 /* main.m */ = {isa = PBXFileReference; lastKnownFileType = sourcecode.c.objc; path = main.m; sourceTree = "<group>"; };
		9637CB931F626D6A00F040E9 /* AppDelegate.h */ = {isa = PBXFileReference; lastKnownFileType = sourcecode.c.h; path = AppDelegate.h; sourceTree = "<group>"; };
		9637CB941F626D6A00F040E9 /* AppDelegate.m */ = {isa = PBXFileReference; lastKnownFileType = sourcecode.c.objc; path = AppDelegate.m; sourceTree = "<group>"; };
		9637CB961F626D6A00F040E9 /* ViewController.h */ = {isa = PBXFileReference; lastKnownFileType = sourcecode.c.h; path = ViewController.h; sourceTree = "<group>"; };
		9637CB971F626D6A00F040E9 /* ViewController.m */ = {isa = PBXFileReference; lastKnownFileType = sourcecode.c.objc; path = ViewController.m; sourceTree = "<group>"; };
		9637CB9A1F626D6A00F040E9 /* Base */ = {isa = PBXFileReference; lastKnownFileType = file.storyboard; name = Base; path = Base.lproj/Main.storyboard; sourceTree = "<group>"; };
		9637CB9C1F626D6A00F040E9 /* Assets.xcassets */ = {isa = PBXFileReference; lastKnownFileType = folder.assetcatalog; path = Assets.xcassets; sourceTree = "<group>"; };
		9637CB9F1F626D6A00F040E9 /* Base */ = {isa = PBXFileReference; lastKnownFileType = file.storyboard; name = Base; path = Base.lproj/LaunchScreen.storyboard; sourceTree = "<group>"; };
		9637CBA11F626D6A00F040E9 /* Info.plist */ = {isa = PBXFileReference; lastKnownFileType = text.plist.xml; path = Info.plist; sourceTree = "<group>"; };
		9637CBA61F626D6A00F040E9 /* SSTextViewTests.xctest */ = {isa = PBXFileReference; explicitFileType = wrapper.cfbundle; includeInIndex = 0; path = SSTextViewTests.xctest; sourceTree = BUILT_PRODUCTS_DIR; };
		9637CBAA1F626D6A00F040E9 /* SSTextViewTests.m */ = {isa = PBXFileReference; lastKnownFileType = sourcecode.c.objc; path = SSTextViewTests.m; sourceTree = "<group>"; };
		9637CBAC1F626D6A00F040E9 /* Info.plist */ = {isa = PBXFileReference; lastKnownFileType = text.plist.xml; path = Info.plist; sourceTree = "<group>"; };
		9637CBB11F626D6A00F040E9 /* SSTextViewUITests.xctest */ = {isa = PBXFileReference; explicitFileType = wrapper.cfbundle; includeInIndex = 0; path = SSTextViewUITests.xctest; sourceTree = BUILT_PRODUCTS_DIR; };
		9637CBB51F626D6A00F040E9 /* SSTextViewUITests.m */ = {isa = PBXFileReference; lastKnownFileType = sourcecode.c.objc; path = SSTextViewUITests.m; sourceTree = "<group>"; };
		9637CBB71F626D6A00F040E9 /* Info.plist */ = {isa = PBXFileReference; lastKnownFileType = text.plist.xml; path = Info.plist; sourceTree = "<group>"; };
		9637CBC31F62799E00F040E9 /* SSTextView.h */ = {isa = PBXFileReference; fileEncoding = 4; lastKnownFileType = sourcecode.c.h; path = SSTextView.h; sourceTree = "<group>"; };
		9637CBC41F62799E00F040E9 /* SSTextView.m */ = {isa = PBXFileReference; fileEncoding = 4; lastKnownFileType = sourcecode.c.objc; path = SSTextView.m; sourceTree = "<group>"; };
		9637CBC61F627ACA00F040E9 /* PrefixHeader.pch */ = {isa = PBXFileReference; lastKnownFileType = sourcecode.c.h; name = PrefixHeader.pch; path = SSTextView/PrefixHeader.pch; sourceTree = "<group>"; };
		C14CF4E1DB4D952F19F685D1 /* Pods-SSTextView.debug.xcconfig */ = {isa = PBXFileReference; includeInIndex = 1; lastKnownFileType = text.xcconfig; name = "Pods-SSTextView.debug.xcconfig"; path = "Pods/Target Support Files/Pods-SSTextView/Pods-SSTextView.debug.xcconfig"; sourceTree = "<group>"; };
/* End PBXFileReference section */

/* Begin PBXFrameworksBuildPhase section */
		9637CB8A1F626D6A00F040E9 /* Frameworks */ = {
			isa = PBXFrameworksBuildPhase;
			buildActionMask = 2147483647;
			files = (
				7BA991746F8A07822D31FBA4 /* Pods_SSTextView.framework in Frameworks */,
			);
			runOnlyForDeploymentPostprocessing = 0;
		};
		9637CBA31F626D6A00F040E9 /* Frameworks */ = {
			isa = PBXFrameworksBuildPhase;
			buildActionMask = 2147483647;
			files = (
			);
			runOnlyForDeploymentPostprocessing = 0;
		};
		9637CBAE1F626D6A00F040E9 /* Frameworks */ = {
			isa = PBXFrameworksBuildPhase;
			buildActionMask = 2147483647;
			files = (
			);
			runOnlyForDeploymentPostprocessing = 0;
		};
/* End PBXFrameworksBuildPhase section */

/* Begin PBXGroup section */
		409755743CA33853868CA01B /* Pods */ = {
			isa = PBXGroup;
			children = (
				C14CF4E1DB4D952F19F685D1 /* Pods-SSTextView.debug.xcconfig */,
				35EB5314680584CD88130B44 /* Pods-SSTextView.release.xcconfig */,
			);
			name = Pods;
			sourceTree = "<group>";
		};
		9637CB841F626D6A00F040E9 = {
			isa = PBXGroup;
			children = (
				9637CB8F1F626D6A00F040E9 /* SSTextView */,
				9637CBA91F626D6A00F040E9 /* SSTextViewTests */,
				9637CBB41F626D6A00F040E9 /* SSTextViewUITests */,
				9637CB8E1F626D6A00F040E9 /* Products */,
				409755743CA33853868CA01B /* Pods */,
				BCCBB647A6453DE59765DF2B /* Frameworks */,
			);
			sourceTree = "<group>";
		};
		9637CB8E1F626D6A00F040E9 /* Products */ = {
			isa = PBXGroup;
			children = (
				9637CB8D1F626D6A00F040E9 /* SSTextView.app */,
				9637CBA61F626D6A00F040E9 /* SSTextViewTests.xctest */,
				9637CBB11F626D6A00F040E9 /* SSTextViewUITests.xctest */,
			);
			name = Products;
			sourceTree = "<group>";
		};
		9637CB8F1F626D6A00F040E9 /* SSTextView */ = {
			isa = PBXGroup;
			children = (
				9637CBC31F62799E00F040E9 /* SSTextView.h */,
				9637CBC41F62799E00F040E9 /* SSTextView.m */,
				9637CB931F626D6A00F040E9 /* AppDelegate.h */,
				9637CB941F626D6A00F040E9 /* AppDelegate.m */,
				9637CB961F626D6A00F040E9 /* ViewController.h */,
				9637CB971F626D6A00F040E9 /* ViewController.m */,
				9637CB991F626D6A00F040E9 /* Main.storyboard */,
				9637CB9C1F626D6A00F040E9 /* Assets.xcassets */,
				9637CB9E1F626D6A00F040E9 /* LaunchScreen.storyboard */,
				9637CBA11F626D6A00F040E9 /* Info.plist */,
				9637CB901F626D6A00F040E9 /* Supporting Files */,
			);
			path = SSTextView;
			sourceTree = "<group>";
		};
		9637CB901F626D6A00F040E9 /* Supporting Files */ = {
			isa = PBXGroup;
			children = (
				9637CB911F626D6A00F040E9 /* main.m */,
			);
			name = "Supporting Files";
			sourceTree = "<group>";
		};
		9637CBA91F626D6A00F040E9 /* SSTextViewTests */ = {
			isa = PBXGroup;
			children = (
				9637CBAA1F626D6A00F040E9 /* SSTextViewTests.m */,
				9637CBAC1F626D6A00F040E9 /* Info.plist */,
			);
			path = SSTextViewTests;
			sourceTree = "<group>";
		};
		9637CBB41F626D6A00F040E9 /* SSTextViewUITests */ = {
			isa = PBXGroup;
			children = (
				9637CBB51F626D6A00F040E9 /* SSTextViewUITests.m */,
				9637CBB71F626D6A00F040E9 /* Info.plist */,
			);
			path = SSTextViewUITests;
			sourceTree = "<group>";
		};
		BCCBB647A6453DE59765DF2B /* Frameworks */ = {
			isa = PBXGroup;
			children = (
				25BE507FEAE69C33369144B8 /* Pods_SSTextView.framework */,
				9637CBC61F627ACA00F040E9 /* PrefixHeader.pch */,
			);
			name = Frameworks;
			sourceTree = "<group>";
		};
/* End PBXGroup section */

/* Begin PBXNativeTarget section */
		9637CB8C1F626D6A00F040E9 /* SSTextView */ = {
			isa = PBXNativeTarget;
			buildConfigurationList = 9637CBBA1F626D6A00F040E9 /* Build configuration list for PBXNativeTarget "SSTextView" */;
			buildPhases = (
				429A1F53183F9E4C70728F18 /* [CP] Check Pods Manifest.lock */,
				9637CB891F626D6A00F040E9 /* Sources */,
				9637CB8A1F626D6A00F040E9 /* Frameworks */,
				9637CB8B1F626D6A00F040E9 /* Resources */,
				40E9059D477CF2F36AB50ED7 /* [CP] Embed Pods Frameworks */,
				3A2175391FCF4B223448585D /* [CP] Copy Pods Resources */,
			);
			buildRules = (
			);
			dependencies = (
			);
			name = SSTextView;
			productName = SSTextView;
			productReference = 9637CB8D1F626D6A00F040E9 /* SSTextView.app */;
			productType = "com.apple.product-type.application";
		};
		9637CBA51F626D6A00F040E9 /* SSTextViewTests */ = {
			isa = PBXNativeTarget;
			buildConfigurationList = 9637CBBD1F626D6A00F040E9 /* Build configuration list for PBXNativeTarget "SSTextViewTests" */;
			buildPhases = (
				9637CBA21F626D6A00F040E9 /* Sources */,
				9637CBA31F626D6A00F040E9 /* Frameworks */,
				9637CBA41F626D6A00F040E9 /* Resources */,
			);
			buildRules = (
			);
			dependencies = (
				9637CBA81F626D6A00F040E9 /* PBXTargetDependency */,
			);
			name = SSTextViewTests;
			productName = SSTextViewTests;
			productReference = 9637CBA61F626D6A00F040E9 /* SSTextViewTests.xctest */;
			productType = "com.apple.product-type.bundle.unit-test";
		};
		9637CBB01F626D6A00F040E9 /* SSTextViewUITests */ = {
			isa = PBXNativeTarget;
			buildConfigurationList = 9637CBC01F626D6A00F040E9 /* Build configuration list for PBXNativeTarget "SSTextViewUITests" */;
			buildPhases = (
				9637CBAD1F626D6A00F040E9 /* Sources */,
				9637CBAE1F626D6A00F040E9 /* Frameworks */,
				9637CBAF1F626D6A00F040E9 /* Resources */,
			);
			buildRules = (
			);
			dependencies = (
				9637CBB31F626D6A00F040E9 /* PBXTargetDependency */,
			);
			name = SSTextViewUITests;
			productName = SSTextViewUITests;
			productReference = 9637CBB11F626D6A00F040E9 /* SSTextViewUITests.xctest */;
			productType = "com.apple.product-type.bundle.ui-testing";
		};
/* End PBXNativeTarget section */

/* Begin PBXProject section */
		9637CB851F626D6A00F040E9 /* Project object */ = {
			isa = PBXProject;
			attributes = {
				LastUpgradeCheck = 0830;
				ORGANIZATIONNAME = ViiCat.com;
				TargetAttributes = {
					9637CB8C1F626D6A00F040E9 = {
						CreatedOnToolsVersion = 8.3.3;
						DevelopmentTeam = 4AL328G4HN;
						ProvisioningStyle = Automatic;
					};
					9637CBA51F626D6A00F040E9 = {
						CreatedOnToolsVersion = 8.3.3;
						DevelopmentTeam = 4AL328G4HN;
						ProvisioningStyle = Automatic;
						TestTargetID = 9637CB8C1F626D6A00F040E9;
					};
					9637CBB01F626D6A00F040E9 = {
						CreatedOnToolsVersion = 8.3.3;
						DevelopmentTeam = 4AL328G4HN;
						ProvisioningStyle = Automatic;
						TestTargetID = 9637CB8C1F626D6A00F040E9;
					};
				};
			};
			buildConfigurationList = 9637CB881F626D6A00F040E9 /* Build configuration list for PBXProject "SSTextView" */;
			compatibilityVersion = "Xcode 3.2";
			developmentRegion = English;
			hasScannedForEncodings = 0;
			knownRegions = (
				en,
				Base,
			);
			mainGroup = 9637CB841F626D6A00F040E9;
			productRefGroup = 9637CB8E1F626D6A00F040E9 /* Products */;
			projectDirPath = "";
			projectRoot = "";
			targets = (
				9637CB8C1F626D6A00F040E9 /* SSTextView */,
				9637CBA51F626D6A00F040E9 /* SSTextViewTests */,
				9637CBB01F626D6A00F040E9 /* SSTextViewUITests */,
			);
		};
/* End PBXProject section */

/* Begin PBXResourcesBuildPhase section */
		9637CB8B1F626D6A00F040E9 /* Resources */ = {
			isa = PBXResourcesBuildPhase;
			buildActionMask = 2147483647;
			files = (
				9637CBA01F626D6A00F040E9 /* LaunchScreen.storyboard in Resources */,
				9637CB9D1F626D6A00F040E9 /* Assets.xcassets in Resources */,
				9637CB9B1F626D6A00F040E9 /* Main.storyboard in Resources */,
			);
			runOnlyForDeploymentPostprocessing = 0;
		};
		9637CBA41F626D6A00F040E9 /* Resources */ = {
			isa = PBXResourcesBuildPhase;
			buildActionMask = 2147483647;
			files = (
			);
			runOnlyForDeploymentPostprocessing = 0;
		};
		9637CBAF1F626D6A00F040E9 /* Resources */ = {
			isa = PBXResourcesBuildPhase;
			buildActionMask = 2147483647;
			files = (
			);
			runOnlyForDeploymentPostprocessing = 0;
		};
/* End PBXResourcesBuildPhase section */

/* Begin PBXShellScriptBuildPhase section */
		3A2175391FCF4B223448585D /* [CP] Copy Pods Resources */ = {
			isa = PBXShellScriptBuildPhase;
			buildActionMask = 2147483647;
			files = (
			);
			inputPaths = (
			);
			name = "[CP] Copy Pods Resources";
			outputPaths = (
			);
			runOnlyForDeploymentPostprocessing = 0;
			shellPath = /bin/sh;
			shellScript = "\"${SRCROOT}/Pods/Target Support Files/Pods-SSTextView/Pods-SSTextView-resources.sh\"\n";
			showEnvVarsInLog = 0;
		};
		40E9059D477CF2F36AB50ED7 /* [CP] Embed Pods Frameworks */ = {
			isa = PBXShellScriptBuildPhase;
			buildActionMask = 2147483647;
			files = (
			);
			inputPaths = (
			);
			name = "[CP] Embed Pods Frameworks";
			outputPaths = (
			);
			runOnlyForDeploymentPostprocessing = 0;
			shellPath = /bin/sh;
			shellScript = "\"${SRCROOT}/Pods/Target Support Files/Pods-SSTextView/Pods-SSTextView-frameworks.sh\"\n";
			showEnvVarsInLog = 0;
		};
		429A1F53183F9E4C70728F18 /* [CP] Check Pods Manifest.lock */ = {
			isa = PBXShellScriptBuildPhase;
			buildActionMask = 2147483647;
			files = (
			);
			inputPaths = (
			);
			name = "[CP] Check Pods Manifest.lock";
			outputPaths = (
			);
			runOnlyForDeploymentPostprocessing = 0;
			shellPath = /bin/sh;
			shellScript = "diff \"${PODS_ROOT}/../Podfile.lock\" \"${PODS_ROOT}/Manifest.lock\" > /dev/null\nif [[ $? != 0 ]] ; then\n    cat << EOM\nerror: The sandbox is not in sync with the Podfile.lock. Run 'pod install' or update your CocoaPods installation.\nEOM\n    exit 1\nfi\n";
			showEnvVarsInLog = 0;
		};
/* End PBXShellScriptBuildPhase section */

/* Begin PBXSourcesBuildPhase section */
		9637CB891F626D6A00F040E9 /* Sources */ = {
			isa = PBXSourcesBuildPhase;
			buildActionMask = 2147483647;
			files = (
				9637CB981F626D6A00F040E9 /* ViewController.m in Sources */,
				9637CBC51F62799E00F040E9 /* SSTextView.m in Sources */,
				9637CB951F626D6A00F040E9 /* AppDelegate.m in Sources */,
				9637CB921F626D6A00F040E9 /* main.m in Sources */,
			);
			runOnlyForDeploymentPostprocessing = 0;
		};
		9637CBA21F626D6A00F040E9 /* Sources */ = {
			isa = PBXSourcesBuildPhase;
			buildActionMask = 2147483647;
			files = (
				9637CBAB1F626D6A00F040E9 /* SSTextViewTests.m in Sources */,
			);
			runOnlyForDeploymentPostprocessing = 0;
		};
		9637CBAD1F626D6A00F040E9 /* Sources */ = {
			isa = PBXSourcesBuildPhase;
			buildActionMask = 2147483647;
			files = (
				9637CBB61F626D6A00F040E9 /* SSTextViewUITests.m in Sources */,
			);
			runOnlyForDeploymentPostprocessing = 0;
		};
/* End PBXSourcesBuildPhase section */

/* Begin PBXTargetDependency section */
		9637CBA81F626D6A00F040E9 /* PBXTargetDependency */ = {
			isa = PBXTargetDependency;
			target = 9637CB8C1F626D6A00F040E9 /* SSTextView */;
			targetProxy = 9637CBA71F626D6A00F040E9 /* PBXContainerItemProxy */;
		};
		9637CBB31F626D6A00F040E9 /* PBXTargetDependency */ = {
			isa = PBXTargetDependency;
			target = 9637CB8C1F626D6A00F040E9 /* SSTextView */;
			targetProxy = 9637CBB21F626D6A00F040E9 /* PBXContainerItemProxy */;
		};
/* End PBXTargetDependency section */

/* Begin PBXVariantGroup section */
		9637CB991F626D6A00F040E9 /* Main.storyboard */ = {
			isa = PBXVariantGroup;
			children = (
				9637CB9A1F626D6A00F040E9 /* Base */,
			);
			name = Main.storyboard;
			sourceTree = "<group>";
		};
		9637CB9E1F626D6A00F040E9 /* LaunchScreen.storyboard */ = {
			isa = PBXVariantGroup;
			children = (
				9637CB9F1F626D6A00F040E9 /* Base */,
			);
			name = LaunchScreen.storyboard;
			sourceTree = "<group>";
		};
/* End PBXVariantGroup section */

/* Begin XCBuildConfiguration section */
		9637CBB81F626D6A00F040E9 /* Debug */ = {
			isa = XCBuildConfiguration;
			buildSettings = {
				ALWAYS_SEARCH_USER_PATHS = NO;
				CLANG_ANALYZER_NONNULL = YES;
				CLANG_ANALYZER_NUMBER_OBJECT_CONVERSION = YES_AGGRESSIVE;
				CLANG_CXX_LANGUAGE_STANDARD = "gnu++0x";
				CLANG_CXX_LIBRARY = "libc++";
				CLANG_ENABLE_MODULES = YES;
				CLANG_ENABLE_OBJC_ARC = YES;
				CLANG_WARN_BOOL_CONVERSION = YES;
				CLANG_WARN_CONSTANT_CONVERSION = YES;
				CLANG_WARN_DIRECT_OBJC_ISA_USAGE = YES_ERROR;
				CLANG_WARN_DOCUMENTATION_COMMENTS = YES;
				CLANG_WARN_EMPTY_BODY = YES;
				CLANG_WARN_ENUM_CONVERSION = YES;
				CLANG_WARN_INFINITE_RECURSION = YES;
				CLANG_WARN_INT_CONVERSION = YES;
				CLANG_WARN_OBJC_ROOT_CLASS = YES_ERROR;
				CLANG_WARN_SUSPICIOUS_MOVE = YES;
				CLANG_WARN_UNREACHABLE_CODE = YES;
				CLANG_WARN__DUPLICATE_METHOD_MATCH = YES;
				"CODE_SIGN_IDENTITY[sdk=iphoneos*]" = "iPhone Developer";
				COPY_PHASE_STRIP = NO;
				DEBUG_INFORMATION_FORMAT = dwarf;
				ENABLE_STRICT_OBJC_MSGSEND = YES;
				ENABLE_TESTABILITY = YES;
				GCC_C_LANGUAGE_STANDARD = gnu99;
				GCC_DYNAMIC_NO_PIC = NO;
				GCC_NO_COMMON_BLOCKS = YES;
				GCC_OPTIMIZATION_LEVEL = 0;
				GCC_PREFIX_HEADER = "$(SRCROOT)/SSTextView/PrefixHeader.pch";
				GCC_PREPROCESSOR_DEFINITIONS = (
					"DEBUG=1",
					"$(inherited)",
				);
				GCC_WARN_64_TO_32_BIT_CONVERSION = YES;
				GCC_WARN_ABOUT_RETURN_TYPE = YES_ERROR;
				GCC_WARN_UNDECLARED_SELECTOR = YES;
				GCC_WARN_UNINITIALIZED_AUTOS = YES_AGGRESSIVE;
				GCC_WARN_UNUSED_FUNCTION = YES;
				GCC_WARN_UNUSED_VARIABLE = YES;
				IPHONEOS_DEPLOYMENT_TARGET = 10.3;
				MTL_ENABLE_DEBUG_INFO = YES;
				ONLY_ACTIVE_ARCH = YES;
				SDKROOT = iphoneos;
			};
			name = Debug;
		};
		9637CBB91F626D6A00F040E9 /* Release */ = {
			isa = XCBuildConfiguration;
			buildSettings = {
				ALWAYS_SEARCH_USER_PATHS = NO;
				CLANG_ANALYZER_NONNULL = YES;
				CLANG_ANALYZER_NUMBER_OBJECT_CONVERSION = YES_AGGRESSIVE;
				CLANG_CXX_LANGUAGE_STANDARD = "gnu++0x";
				CLANG_CXX_LIBRARY = "libc++";
				CLANG_ENABLE_MODULES = YES;
				CLANG_ENABLE_OBJC_ARC = YES;
				CLANG_WARN_BOOL_CONVERSION = YES;
				CLANG_WARN_CONSTANT_CONVERSION = YES;
				CLANG_WARN_DIRECT_OBJC_ISA_USAGE = YES_ERROR;
				CLANG_WARN_DOCUMENTATION_COMMENTS = YES;
				CLANG_WARN_EMPTY_BODY = YES;
				CLANG_WARN_ENUM_CONVERSION = YES;
				CLANG_WARN_INFINITE_RECURSION = YES;
				CLANG_WARN_INT_CONVERSION = YES;
				CLANG_WARN_OBJC_ROOT_CLASS = YES_ERROR;
				CLANG_WARN_SUSPICIOUS_MOVE = YES;
				CLANG_WARN_UNREACHABLE_CODE = YES;
				CLANG_WARN__DUPLICATE_METHOD_MATCH = YES;
				"CODE_SIGN_IDENTITY[sdk=iphoneos*]" = "iPhone Developer";
				COPY_PHASE_STRIP = NO;
				DEBUG_INFORMATION_FORMAT = "dwarf-with-dsym";
				ENABLE_NS_ASSERTIONS = NO;
				ENABLE_STRICT_OBJC_MSGSEND = YES;
				GCC_C_LANGUAGE_STANDARD = gnu99;
				GCC_NO_COMMON_BLOCKS = YES;
				GCC_PREFIX_HEADER = "$(SRCROOT)/SSTextView/PrefixHeader.pch";
				GCC_WARN_64_TO_32_BIT_CONVERSION = YES;
				GCC_WARN_ABOUT_RETURN_TYPE = YES_ERROR;
				GCC_WARN_UNDECLARED_SELECTOR = YES;
				GCC_WARN_UNINITIALIZED_AUTOS = YES_AGGRESSIVE;
				GCC_WARN_UNUSED_FUNCTION = YES;
				GCC_WARN_UNUSED_VARIABLE = YES;
				IPHONEOS_DEPLOYMENT_TARGET = 10.3;
				MTL_ENABLE_DEBUG_INFO = NO;
				SDKROOT = iphoneos;
				VALIDATE_PRODUCT = YES;
			};
			name = Release;
		};
		9637CBBB1F626D6A00F040E9 /* Debug */ = {
			isa = XCBuildConfiguration;
			baseConfigurationReference = C14CF4E1DB4D952F19F685D1 /* Pods-SSTextView.debug.xcconfig */;
			buildSettings = {
				ASSETCATALOG_COMPILER_APPICON_NAME = AppIcon;
				DEVELOPMENT_TEAM = 4AL328G4HN;
				INFOPLIST_FILE = SSTextView/Info.plist;
				LD_RUNPATH_SEARCH_PATHS = "$(inherited) @executable_path/Frameworks";
				PRODUCT_BUNDLE_IDENTIFIER = com.viicat.JT.SSTextView;
				PRODUCT_NAME = "$(TARGET_NAME)";
			};
			name = Debug;
		};
		9637CBBC1F626D6A00F040E9 /* Release */ = {
			isa = XCBuildConfiguration;
			baseConfigurationReference = 35EB5314680584CD88130B44 /* Pods-SSTextView.release.xcconfig */;
			buildSettings = {
				ASSETCATALOG_COMPILER_APPICON_NAME = AppIcon;
				DEVELOPMENT_TEAM = 4AL328G4HN;
				INFOPLIST_FILE = SSTextView/Info.plist;
				LD_RUNPATH_SEARCH_PATHS = "$(inherited) @executable_path/Frameworks";
				PRODUCT_BUNDLE_IDENTIFIER = com.viicat.JT.SSTextView;
				PRODUCT_NAME = "$(TARGET_NAME)";
			};
			name = Release;
		};
		9637CBBE1F626D6A00F040E9 /* Debug */ = {
			isa = XCBuildConfiguration;
			buildSettings = {
				BUNDLE_LOADER = "$(TEST_HOST)";
				DEVELOPMENT_TEAM = 4AL328G4HN;
				INFOPLIST_FILE = SSTextViewTests/Info.plist;
				LD_RUNPATH_SEARCH_PATHS = "$(inherited) @executable_path/Frameworks @loader_path/Frameworks";
				PRODUCT_BUNDLE_IDENTIFIER = com.viicat.JT.SSTextViewTests;
				PRODUCT_NAME = "$(TARGET_NAME)";
				TEST_HOST = "$(BUILT_PRODUCTS_DIR)/SSTextView.app/SSTextView";
			};
			name = Debug;
		};
		9637CBBF1F626D6A00F040E9 /* Release */ = {
			isa = XCBuildConfiguration;
			buildSettings = {
				BUNDLE_LOADER = "$(TEST_HOST)";
				DEVELOPMENT_TEAM = 4AL328G4HN;
				INFOPLIST_FILE = SSTextViewTests/Info.plist;
				LD_RUNPATH_SEARCH_PATHS = "$(inherited) @executable_path/Frameworks @loader_path/Frameworks";
				PRODUCT_BUNDLE_IDENTIFIER = com.viicat.JT.SSTextViewTests;
				PRODUCT_NAME = "$(TARGET_NAME)";
				TEST_HOST = "$(BUILT_PRODUCTS_DIR)/SSTextView.app/SSTextView";
			};
			name = Release;
		};
		9637CBC11F626D6A00F040E9 /* Debug */ = {
			isa = XCBuildConfiguration;
			buildSettings = {
				DEVELOPMENT_TEAM = 4AL328G4HN;
				INFOPLIST_FILE = SSTextViewUITests/Info.plist;
				LD_RUNPATH_SEARCH_PATHS = "$(inherited) @executable_path/Frameworks @loader_path/Frameworks";
				PRODUCT_BUNDLE_IDENTIFIER = com.viicat.JT.SSTextViewUITests;
				PRODUCT_NAME = "$(TARGET_NAME)";
				TEST_TARGET_NAME = SSTextView;
			};
			name = Debug;
		};
		9637CBC21F626D6A00F040E9 /* Release */ = {
			isa = XCBuildConfiguration;
			buildSettings = {
				DEVELOPMENT_TEAM = 4AL328G4HN;
				INFOPLIST_FILE = SSTextViewUITests/Info.plist;
				LD_RUNPATH_SEARCH_PATHS = "$(inherited) @executable_path/Frameworks @loader_path/Frameworks";
				PRODUCT_BUNDLE_IDENTIFIER = com.viicat.JT.SSTextViewUITests;
				PRODUCT_NAME = "$(TARGET_NAME)";
				TEST_TARGET_NAME = SSTextView;
			};
			name = Release;
		};
/* End XCBuildConfiguration section */

/* Begin XCConfigurationList section */
		9637CB881F626D6A00F040E9 /* Build configuration list for PBXProject "SSTextView" */ = {
			isa = XCConfigurationList;
			buildConfigurations = (
				9637CBB81F626D6A00F040E9 /* Debug */,
				9637CBB91F626D6A00F040E9 /* Release */,
			);
			defaultConfigurationIsVisible = 0;
			defaultConfigurationName = Release;
		};
		9637CBBA1F626D6A00F040E9 /* Build configuration list for PBXNativeTarget "SSTextView" */ = {
			isa = XCConfigurationList;
			buildConfigurations = (
				9637CBBB1F626D6A00F040E9 /* Debug */,
				9637CBBC1F626D6A00F040E9 /* Release */,
			);
			defaultConfigurationIsVisible = 0;
			defaultConfigurationName = Release;
		};
		9637CBBD1F626D6A00F040E9 /* Build configuration list for PBXNativeTarget "SSTextViewTests" */ = {
			isa = XCConfigurationList;
			buildConfigurations = (
				9637CBBE1F626D6A00F040E9 /* Debug */,
				9637CBBF1F626D6A00F040E9 /* Release */,
			);
			defaultConfigurationIsVisible = 0;
			defaultConfigurationName = Release;
		};
		9637CBC01F626D6A00F040E9 /* Build configuration list for PBXNativeTarget "SSTextViewUITests" */ = {
			isa = XCConfigurationList;
			buildConfigurations = (
				9637CBC11F626D6A00F040E9 /* Debug */,
				9637CBC21F626D6A00F040E9 /* Release */,
			);
			defaultConfigurationIsVisible = 0;
			defaultConfigurationName = Release;
		};
/* End XCConfigurationList section */
	};
	rootObject = 9637CB851F626D6A00F040E9 /* Project object */;
}
